SITE
  remote: http://community.opscode.com/api/v1
  specs:
    apache2 (1.6.2)
    application (2.0.2)
    application_ruby (1.1.2)
      apache2 (>= 0.0.0)
      application (>= 0.0.0)
      passenger_apache2 (>= 0.0.0)
      runit (~> 1.0)
      unicorn (>= 0.0.0)
    apt (1.9.2)
    aws (0.100.6)
    build-essential (1.4.0)
    chef-client (2.2.2)
      cron (>= 0.0.0)
    chef_handler (1.1.4)
    cron (1.2.2)
    database (1.3.12)
      aws (>= 0.0.0)
      mysql (>= 1.3.0)
      postgresql (>= 1.0.0)
      xfs (>= 0.0.0)
    dmg (1.1.0)
    git (2.5.0)
      build-essential (>= 0.0.0)
      dmg (>= 0.0.0)
      runit (>= 1.0)
      windows (>= 0.0.0)
      yum (>= 0.0.0)
    mysql (3.0.0)
      build-essential (>= 0.0.0)
      openssl (>= 0.0.0)
    ntp (1.3.2)
    openssh (1.1.4)
    openssl (1.0.2)
    passenger_apache2 (2.0.0)
      apache2 (>= 1.0.4)
      build-essential (>= 0.0.0)
    postgresql (2.4.0)
      apt (>= 0.0.0)
      build-essential (>= 0.0.0)
      openssl (>= 0.0.0)
    rsync (0.8.0)
    ruby_build (0.7.2)
    runit (1.1.2)
      build-essential (>= 0.0.0)
      yum (>= 0.0.0)
    sudo (2.1.0)
    timezone (0.0.1)
    unicorn (1.2.2)
    users (1.5.0)
    vt-gpg (1.0.0)
    windows (1.8.10)
      chef_handler (>= 0.0.0)
    xfs (1.1.0)
    xml (1.1.2)
      build-essential (>= 0.0.0)
    yum (2.2.0)

GIT
  remote: https://github.com/VendaTech/chef-cookbook-gpg.git
  ref: master
  sha: 8528c77f86dcef4ca683b821c00cb555bbd63054
  specs:
    gpg (1.0.0)

GIT
  remote: https://github.com/VendaTech/chef-cookbook-ssl.git
  ref: master
  sha: dd6a7afc9fc7360ad149acd0fcc4290b26b71a18
  specs:
    ssl (1.0.3)
      vt-gpg (>= 0.0.0)

GIT
  remote: https://github.com/fnichol/chef-rbenv
  ref: v0.7.2
  sha: f2b53292e810dd2b43f6121f9958f5f29979dcb1
  specs:
    rbenv (0.7.2)

GIT
  remote: https://github.com/opscode-cookbooks/python.git
  ref: master
  sha: f0db2e141bae26a6124b4a3cf04a4722f0d7e5cb
  specs:
    python (1.2.3)
      build-essential (>= 0.0.0)
      yum (>= 0.0.0)

GIT
  remote: https://github.com/umts/chef-kedpm
  ref: master
  sha: b007f5df8fc2541052d9dca4453f4a7b592b200b
  specs:
    kedpm (0.0.2)
      python (>= 0.0.0)

GIT
  remote: https://github.com/umts/chef-redmine-custom.git
  ref: master
  sha: 3c36feef101efb6683fe7af5ed8310f48f338503
  specs:
    redmine-custom (0.0.1)
      redmine (>= 0.0.0)

GIT
  remote: https://github.com/umts/chef-round-three.git
  ref: master
  sha: efa5f8aa74d6a7bdaaa5881fee4f0a6edd38e1e1
  specs:
    round-three (0.0.2)
      application (>= 0.0.0)
      application_ruby (>= 0.0.0)
      database (>= 0.0.0)
      git (>= 0.0.0)
      postgresql (>= 0.0.0)
      rbenv (>= 0.0.0)
      shibboleth (>= 0.0.0)
      ssl (>= 0.0.0)
      sudo (>= 0.0.0)
      users (>= 0.0.0)
      xml (>= 0.0.0)

GIT
  remote: https://github.com/umts/chef-shibboleth.git
  ref: master
  sha: 066311224af724a7f9f26483d4ad0b7dccc7a445
  specs:
    shibboleth (0.0.2)
      apache2 (>= 0.0.0)

GIT
  remote: https://github.com/umts/chef-ssmtp.git
  ref: master
  sha: bc9f772f420158ecb5da73916ca16da4f47f602f
  specs:
    ssmtp (0.0.1)

GIT
  remote: https://github.com/umts/motd-tail
  ref: master
  sha: d53bf1d8706e1849aa8785ea8060ccd6479cb151
  specs:
    motd-tail (1.0.0)

GIT
  remote: https://github.com/umts/rsnapshot.git
  ref: master
  sha: faf7f153566e64d9d1517407b7a551665f58f245
  specs:
    rsnapshot (0.0.1)
      cron (>= 0.0.0)
      openssh (>= 0.0.0)
      rsync (>= 0.0.0)
      sudo (>= 0.0.0)

PATH
  remote: site-cookbooks/fuelfocus-api
  specs:
    fuelfocus-api (0.0.1)
      application (>= 0.0.0)
      application_ruby (>= 0.0.0)
      build-essential (>= 0.0.0)
      git (>= 0.0.0)
      rbenv (>= 0.0.0)

PATH
  remote: site-cookbooks/oit-email
  specs:
    oit-email (0.0.1)
      ssmtp (>= 0.0.0)

PATH
  remote: site-cookbooks/redmine
  specs:
    redmine (0.0.2)
      application (>= 0.0.0)
      application_ruby (>= 0.0.0)
      database (>= 0.0.0)
      git (>= 0.0.0)
      mysql (>= 0.0.0)

PATH
  remote: site-cookbooks/ruby-193
  specs:
    ruby-193 (0.0.1)
      rbenv (>= 0.0.0)
      ruby_build (>= 0.0.0)

PATH
  remote: site-cookbooks/ssl-test
  specs:
    ssl-test (0.0.1)
      apache2 (>= 0.0.0)
      ssl (>= 0.0.0)

DEPENDENCIES
  apt (>= 0)
  chef-client (>= 0)
  fuelfocus-api (>= 0)
  gpg (>= 0)
  kedpm (>= 0)
  motd-tail (>= 0)
  ntp (>= 0)
  oit-email (>= 0)
  python (>= 0)
  rbenv (>= 0)
  redmine (>= 0)
  redmine-custom (>= 0)
  round-three (>= 0)
  rsnapshot (>= 0)
  ruby-193 (>= 0)
  ruby_build (>= 0)
  shibboleth (>= 0)
  ssl (>= 0)
  ssl-test (>= 0)
  ssmtp (>= 0)
  sudo (>= 0)
  timezone (>= 0)
  users (>= 0)

